// !$*UTF8*$!
{
	archiveVersion = 1;
	classes = {
	};
	objectVersion = 46;
	objects = {

/* Begin PBXBuildFile section */
		CAA2AC4717612380006A9519 /* CommonController.m in Sources */ = {isa = PBXBuildFile; fileRef = CAA2AC4617612380006A9519 /* CommonController.m */; };
		CAB1F6E1175FB868005127B7 /* YellowController.m in Sources */ = {isa = PBXBuildFile; fileRef = CAB1F6E0175FB868005127B7 /* YellowController.m */; };
		CAB1F6E4175FB889005127B7 /* RedController.m in Sources */ = {isa = PBXBuildFile; fileRef = CAB1F6E3175FB889005127B7 /* RedController.m */; };
		CAB1F6E7175FC68C005127B7 /* BlueController.m in Sources */ = {isa = PBXBuildFile; fileRef = CAB1F6E6175FC68C005127B7 /* BlueController.m */; };
		CAB1F6EA175FC6A0005127B7 /* GreenController.m in Sources */ = {isa = PBXBuildFile; fileRef = CAB1F6E9175FC6A0005127B7 /* GreenController.m */; };
		CACF2CD81757A948001B6000 /* UIKit.framework in Frameworks */ = {isa = PBXBuildFile; fileRef = CACF2CD71757A948001B6000 /* UIKit.framework */; };
		CACF2CDA1757A948001B6000 /* Foundation.framework in Frameworks */ = {isa = PBXBuildFile; fileRef = CACF2CD91757A948001B6000 /* Foundation.framework */; };
		CACF2CDC1757A948001B6000 /* CoreGraphics.framework in Frameworks */ = {isa = PBXBuildFile; fileRef = CACF2CDB1757A948001B6000 /* CoreGraphics.framework */; };
		CACF2CE21757A948001B6000 /* InfoPlist.strings in Resources */ = {isa = PBXBuildFile; fileRef = CACF2CE01757A948001B6000 /* InfoPlist.strings */; };
		CACF2CE41757A948001B6000 /* main.m in Sources */ = {isa = PBXBuildFile; fileRef = CACF2CE31757A948001B6000 /* main.m */; };
		CACF2CE81757A948001B6000 /* AppDelegate.m in Sources */ = {isa = PBXBuildFile; fileRef = CACF2CE71757A948001B6000 /* AppDelegate.m */; };
		CACF2CEA1757A948001B6000 /* Default.png in Resources */ = {isa = PBXBuildFile; fileRef = CACF2CE91757A948001B6000 /* Default.png */; };
		CACF2CEC1757A948001B6000 /* Default@2x.png in Resources */ = {isa = PBXBuildFile; fileRef = CACF2CEB1757A948001B6000 /* Default@2x.png */; };
		CACF2CEE1757A948001B6000 /* Default-568h@2x.png in Resources */ = {isa = PBXBuildFile; fileRef = CACF2CED1757A948001B6000 /* Default-568h@2x.png */; };
		CACF2CF11757A948001B6000 /* MainStoryboard.storyboard in Resources */ = {isa = PBXBuildFile; fileRef = CACF2CEF1757A948001B6000 /* MainStoryboard.storyboard */; };
/* End PBXBuildFile section */

/* Begin PBXFileReference section */
		CAA2AC4517612380006A9519 /* CommonController.h */ = {isa = PBXFileReference; fileEncoding = 4; lastKnownFileType = sourcecode.c.h; path = CommonController.h; sourceTree = "<group>"; };
		CAA2AC4617612380006A9519 /* CommonController.m */ = {isa = PBXFileReference; fileEncoding = 4; lastKnownFileType = sourcecode.c.objc; path = CommonController.m; sourceTree = "<group>"; };
		CAB1F6DF175FB868005127B7 /* YellowController.h */ = {isa = PBXFileReference; fileEncoding = 4; lastKnownFileType = sourcecode.c.h; path = YellowController.h; sourceTree = "<group>"; };
		CAB1F6E0175FB868005127B7 /* YellowController.m */ = {isa = PBXFileReference; fileEncoding = 4; lastKnownFileType = sourcecode.c.objc; path = YellowController.m; sourceTree = "<group>"; };
		CAB1F6E2175FB889005127B7 /* RedController.h */ = {isa = PBXFileReference; fileEncoding = 4; lastKnownFileType = sourcecode.c.h; path = RedController.h; sourceTree = "<group>"; };
		CAB1F6E3175FB889005127B7 /* RedController.m */ = {isa = PBXFileReference; fileEncoding = 4; lastKnownFileType = sourcecode.c.objc; path = RedController.m; sourceTree = "<group>"; };
		CAB1F6E5175FC68C005127B7 /* BlueController.h */ = {isa = PBXFileReference; fileEncoding = 4; lastKnownFileType = sourcecode.c.h; path = BlueController.h; sourceTree = "<group>"; };
		CAB1F6E6175FC68C005127B7 /* BlueController.m */ = {isa = PBXFileReference; fileEncoding = 4; lastKnownFileType = sourcecode.c.objc; path = BlueController.m; sourceTree = "<group>"; };
		CAB1F6E8175FC6A0005127B7 /* GreenController.h */ = {isa = PBXFileReference; fileEncoding = 4; lastKnownFileType = sourcecode.c.h; path = GreenController.h; sourceTree = "<group>"; };
		CAB1F6E9175FC6A0005127B7 /* GreenController.m */ = {isa = PBXFileReference; fileEncoding = 4; lastKnownFileType = sourcecode.c.objc; path = GreenController.m; sourceTree = "<group>"; };
		CACF2CD41757A948001B6000 /* ReverseSegues.app */ = {isa = PBXFileReference; explicitFileType = wrapper.application; includeInIndex = 0; path = ReverseSegues.app; sourceTree = BUILT_PRODUCTS_DIR; };
		CACF2CD71757A948001B6000 /* UIKit.framework */ = {isa = PBXFileReference; lastKnownFileType = wrapper.framework; name = UIKit.framework; path = System/Library/Frameworks/UIKit.framework; sourceTree = SDKROOT; };
		CACF2CD91757A948001B6000 /* Foundation.framework */ = {isa = PBXFileReference; lastKnownFileType = wrapper.framework; name = Foundation.framework; path = System/Library/Frameworks/Foundation.framework; sourceTree = SDKROOT; };
		CACF2CDB1757A948001B6000 /* CoreGraphics.framework */ = {isa = PBXFileReference; lastKnownFileType = wrapper.framework; name = CoreGraphics.framework; path = System/Library/Frameworks/CoreGraphics.framework; sourceTree = SDKROOT; };
		CACF2CDF1757A948001B6000 /* ReverseSegues-Info.plist */ = {isa = PBXFileReference; lastKnownFileType = text.plist.xml; path = "ReverseSegues-Info.plist"; sourceTree = "<group>"; };
		CACF2CE11757A948001B6000 /* en */ = {isa = PBXFileReference; lastKnownFileType = text.plist.strings; name = en; path = en.lproj/InfoPlist.strings; sourceTree = "<group>"; };
		CACF2CE31757A948001B6000 /* main.m */ = {isa = PBXFileReference; lastKnownFileType = sourcecode.c.objc; path = main.m; sourceTree = "<group>"; };
		CACF2CE51757A948001B6000 /* ReverseSegues-Prefix.pch */ = {isa = PBXFileReference; lastKnownFileType = sourcecode.c.h; path = "ReverseSegues-Prefix.pch"; sourceTree = "<group>"; };
		CACF2CE61757A948001B6000 /* AppDelegate.h */ = {isa = PBXFileReference; lastKnownFileType = sourcecode.c.h; path = AppDelegate.h; sourceTree = "<group>"; };
		CACF2CE71757A948001B6000 /* AppDelegate.m */ = {isa = PBXFileReference; lastKnownFileType = sourcecode.c.objc; path = AppDelegate.m; sourceTree = "<group>"; };
		CACF2CE91757A948001B6000 /* Default.png */ = {isa = PBXFileReference; lastKnownFileType = image.png; path = Default.png; sourceTree = "<group>"; };
		CACF2CEB1757A948001B6000 /* Default@2x.png */ = {isa = PBXFileReference; lastKnownFileType = image.png; path = "Default@2x.png"; sourceTree = "<group>"; };
		CACF2CED1757A948001B6000 /* Default-568h@2x.png */ = {isa = PBXFileReference; lastKnownFileType = image.png; path = "Default-568h@2x.png"; sourceTree = "<group>"; };
		CACF2CF01757A948001B6000 /* en */ = {isa = PBXFileReference; lastKnownFileType = file.storyboard; name = en; path = en.lproj/MainStoryboard.storyboard; sourceTree = "<group>"; };
/* End PBXFileReference section */

/* Begin PBXFrameworksBuildPhase section */
		CACF2CD11757A947001B6000 /* Frameworks */ = {
			isa = PBXFrameworksBuildPhase;
			buildActionMask = 2147483647;
			files = (
				CACF2CD81757A948001B6000 /* UIKit.framework in Frameworks */,
				CACF2CDA1757A948001B6000 /* Foundation.framework in Frameworks */,
				CACF2CDC1757A948001B6000 /* CoreGraphics.framework in Frameworks */,
			);
			runOnlyForDeploymentPostprocessing = 0;
		};
/* End PBXFrameworksBuildPhase section */

/* Begin PBXGroup section */
		CACF2CCB1757A947001B6000 = {
			isa = PBXGroup;
			children = (
				CACF2CDD1757A948001B6000 /* ReverseSegues */,
				CACF2CD61757A948001B6000 /* Frameworks */,
				CACF2CD51757A948001B6000 /* Products */,
			);
			sourceTree = "<group>";
		};
		CACF2CD51757A948001B6000 /* Products */ = {
			isa = PBXGroup;
			children = (
				CACF2CD41757A948001B6000 /* ReverseSegues.app */,
			);
			name = Products;
			sourceTree = "<group>";
		};
		CACF2CD61757A948001B6000 /* Frameworks */ = {
			isa = PBXGroup;
			children = (
				CACF2CD71757A948001B6000 /* UIKit.framework */,
				CACF2CD91757A948001B6000 /* Foundation.framework */,
				CACF2CDB1757A948001B6000 /* CoreGraphics.framework */,
			);
			name = Frameworks;
			sourceTree = "<group>";
		};
		CACF2CDD1757A948001B6000 /* ReverseSegues */ = {
			isa = PBXGroup;
			children = (
				CACF2CE61757A948001B6000 /* AppDelegate.h */,
				CACF2CE71757A948001B6000 /* AppDelegate.m */,
				CAA2AC4517612380006A9519 /* CommonController.h */,
				CAA2AC4617612380006A9519 /* CommonController.m */,
				CACF2CEF1757A948001B6000 /* MainStoryboard.storyboard */,
				CAB1F6E8175FC6A0005127B7 /* GreenController.h */,
				CAB1F6E9175FC6A0005127B7 /* GreenController.m */,
				CAB1F6E5175FC68C005127B7 /* BlueController.h */,
				CAB1F6E6175FC68C005127B7 /* BlueController.m */,
				CAB1F6E2175FB889005127B7 /* RedController.h */,
				CAB1F6E3175FB889005127B7 /* RedController.m */,
				CAB1F6DF175FB868005127B7 /* YellowController.h */,
				CAB1F6E0175FB868005127B7 /* YellowController.m */,
				CACF2CDE1757A948001B6000 /* Supporting Files */,
			);
			path = ReverseSegues;
			sourceTree = "<group>";
		};
		CACF2CDE1757A948001B6000 /* Supporting Files */ = {
			isa = PBXGroup;
			children = (
				CACF2CDF1757A948001B6000 /* ReverseSegues-Info.plist */,
				CACF2CE01757A948001B6000 /* InfoPlist.strings */,
				CACF2CE31757A948001B6000 /* main.m */,
				CACF2CE51757A948001B6000 /* ReverseSegues-Prefix.pch */,
				CACF2CE91757A948001B6000 /* Default.png */,
				CACF2CEB1757A948001B6000 /* Default@2x.png */,
				CACF2CED1757A948001B6000 /* Default-568h@2x.png */,
			);
			name = "Supporting Files";
			sourceTree = "<group>";
		};
/* End PBXGroup section */

/* Begin PBXNativeTarget section */
		CACF2CD31757A947001B6000 /* ReverseSegues */ = {
			isa = PBXNativeTarget;
			buildConfigurationList = CACF2CFA1757A948001B6000 /* Build configuration list for PBXNativeTarget "ReverseSegues" */;
			buildPhases = (
				CACF2CD01757A947001B6000 /* Sources */,
				CACF2CD11757A947001B6000 /* Frameworks */,
				CACF2CD21757A947001B6000 /* Resources */,
			);
			buildRules = (
			);
			dependencies = (
			);
			name = ReverseSegues;
			productName = ReverseSegues;
			productReference = CACF2CD41757A948001B6000 /* ReverseSegues.app */;
			productType = "com.apple.product-type.application";
		};
/* End PBXNativeTarget section */

/* Begin PBXProject section */
		CACF2CCC1757A947001B6000 /* Project object */ = {
			isa = PBXProject;
			attributes = {
				LastUpgradeCheck = 0460;
				ORGANIZATIONNAME = Brandon;
			};
			buildConfigurationList = CACF2CCF1757A947001B6000 /* Build configuration list for PBXProject "ReverseSegues" */;
			compatibilityVersion = "Xcode 3.2";
			developmentRegion = English;
			hasScannedForEncodings = 0;
			knownRegions = (
				en,
			);
			mainGroup = CACF2CCB1757A947001B6000;
			productRefGroup = CACF2CD51757A948001B6000 /* Products */;
			projectDirPath = "";
			projectRoot = "";
			targets = (
				CACF2CD31757A947001B6000 /* ReverseSegues */,
			);
		};
/* End PBXProject section */

/* Begin PBXResourcesBuildPhase section */
		CACF2CD21757A947001B6000 /* Resources */ = {
			isa = PBXResourcesBuildPhase;
			buildActionMask = 2147483647;
			files = (
				CACF2CE21757A948001B6000 /* InfoPlist.strings in Resources */,
				CACF2CEA1757A948001B6000 /* Default.png in Resources */,
				CACF2CEC1757A948001B6000 /* Default@2x.png in Resources */,
				CACF2CEE1757A948001B6000 /* Default-568h@2x.png in Resources */,
				CACF2CF11757A948001B6000 /* MainStoryboard.storyboard in Resources */,
			);
			runOnlyForDeploymentPostprocessing = 0;
		};
/* End PBXResourcesBuildPhase section */

/* Begin PBXSourcesBuildPhase section */
		CACF2CD01757A947001B6000 /* Sources */ = {
			isa = PBXSourcesBuildPhase;
			buildActionMask = 2147483647;
			files = (
				CACF2CE41757A948001B6000 /* main.m in Sources */,
				CACF2CE81757A948001B6000 /* AppDelegate.m in Sources */,
				CAB1F6E1175FB868005127B7 /* YellowController.m in Sources */,
				CAB1F6E4175FB889005127B7 /* RedController.m in Sources */,
				CAB1F6E7175FC68C005127B7 /* BlueController.m in Sources */,
				CAB1F6EA175FC6A0005127B7 /* GreenController.m in Sources */,
				CAA2AC4717612380006A9519 /* CommonController.m in Sources */,
			);
			runOnlyForDeploymentPostprocessing = 0;
		};
/* End PBXSourcesBuildPhase section */

/* Begin PBXVariantGroup section */
		CACF2CE01757A948001B6000 /* InfoPlist.strings */ = {
			isa = PBXVariantGroup;
			children = (
				CACF2CE11757A948001B6000 /* en */,
			);
			name = InfoPlist.strings;
			sourceTree = "<group>";
		};
		CACF2CEF1757A948001B6000 /* MainStoryboard.storyboard */ = {
			isa = PBXVariantGroup;
			children = (
				CACF2CF01757A948001B6000 /* en */,
			);
			name = MainStoryboard.storyboard;
			sourceTree = "<group>";
		};
/* End PBXVariantGroup section */

/* Begin XCBuildConfiguration section */
		CACF2CF81757A948001B6000 /* Debug */ = {
			isa = XCBuildConfiguration;
			buildSettings = {
				ALWAYS_SEARCH_USER_PATHS = NO;
				CLANG_CXX_LANGUAGE_STANDARD = "gnu++0x";
				CLANG_CXX_LIBRARY = "libc++";
				CLANG_ENABLE_OBJC_ARC = YES;
				CLANG_WARN_CONSTANT_CONVERSION = YES;
				CLANG_WARN_EMPTY_BODY = YES;
				CLANG_WARN_ENUM_CONVERSION = YES;
				CLANG_WARN_INT_CONVERSION = YES;
				CLANG_WARN__DUPLICATE_METHOD_MATCH = YES;
				"CODE_SIGN_IDENTITY[sdk=iphoneos*]" = "iPhone Developer";
				COPY_PHASE_STRIP = NO;
				GCC_C_LANGUAGE_STANDARD = gnu99;
				GCC_DYNAMIC_NO_PIC = NO;
				GCC_OPTIMIZATION_LEVEL = 0;
				GCC_PREPROCESSOR_DEFINITIONS = (
					"DEBUG=1",
					"$(inherited)",
				);
				GCC_SYMBOLS_PRIVATE_EXTERN = NO;
				GCC_WARN_ABOUT_RETURN_TYPE = YES;
				GCC_WARN_UNINITIALIZED_AUTOS = YES;
				GCC_WARN_UNUSED_VARIABLE = YES;
				IPHONEOS_DEPLOYMENT_TARGET = 6.1;
				ONLY_ACTIVE_ARCH = YES;
				SDKROOT = iphoneos;
			};
			name = Debug;
		};
		CACF2CF91757A948001B6000 /* Release */ = {
			isa = XCBuildConfiguration;
			buildSettings = {
				ALWAYS_SEARCH_USER_PATHS = NO;
				CLANG_CXX_LANGUAGE_STANDARD = "gnu++0x";
				CLANG_CXX_LIBRARY = "libc++";
				CLANG_ENABLE_OBJC_ARC = YES;
				CLANG_WARN_CONSTANT_CONVERSION = YES;
				CLANG_WARN_EMPTY_BODY = YES;
				CLANG_WARN_ENUM_CONVERSION = YES;
				CLANG_WARN_INT_CONVERSION = YES;
				CLANG_WARN__DUPLICATE_METHOD_MATCH = YES;
				"CODE_SIGN_IDENTITY[sdk=iphoneos*]" = "iPhone Developer";
				COPY_PHASE_STRIP = YES;
				GCC_C_LANGUAGE_STANDARD = gnu99;
				GCC_WARN_ABOUT_RETURN_TYPE = YES;
				GCC_WARN_UNINITIALIZED_AUTOS = YES;
				GCC_WARN_UNUSED_VARIABLE = YES;
				IPHONEOS_DEPLOYMENT_TARGET = 6.1;
				OTHER_CFLAGS = "-DNS_BLOCK_ASSERTIONS=1";
				SDKROOT = iphoneos;
				VALIDATE_PRODUCT = YES;
			};
			name = Release;
		};
		CACF2CFB1757A948001B6000 /* Debug */ = {
			isa = XCBuildConfiguration;
			buildSettings = {
				GCC_PRECOMPILE_PREFIX_HEADER = YES;
				GCC_PREFIX_HEADER = "ReverseSegues/ReverseSegues-Prefix.pch";
				INFOPLIST_FILE = "ReverseSegues/ReverseSegues-Info.plist";
				PRODUCT_NAME = "$(TARGET_NAME)";
				WRAPPER_EXTENSION = app;
			};
			name = Debug;
		};
		CACF2CFC1757A948001B6000 /* Release */ = {
			isa = XCBuildConfiguration;
			buildSettings = {
				GCC_PRECOMPILE_PREFIX_HEADER = YES;
				GCC_PREFIX_HEADER = "ReverseSegues/ReverseSegues-Prefix.pch";
				INFOPLIST_FILE = "ReverseSegues/ReverseSegues-Info.plist";
				PRODUCT_NAME = "$(TARGET_NAME)";
				WRAPPER_EXTENSION = app;
			};
			name = Release;
		};
/* End XCBuildConfiguration section */

/* Begin XCConfigurationList section */
		CACF2CCF1757A947001B6000 /* Build configuration list for PBXProject "ReverseSegues" */ = {
			isa = XCConfigurationList;
			buildConfigurations = (
				CACF2CF81757A948001B6000 /* Debug */,
				CACF2CF91757A948001B6000 /* Release */,
			);
			defaultConfigurationIsVisible = 0;
			defaultConfigurationName = Release;
		};
		CACF2CFA1757A948001B6000 /* Build configuration list for PBXNativeTarget "ReverseSegues" */ = {
			isa = XCConfigurationList;
			buildConfigurations = (
				CACF2CFB1757A948001B6000 /* Debug */,
				CACF2CFC1757A948001B6000 /* Release */,
			);
			defaultConfigurationIsVisible = 0;
			defaultConfigurationName = Release;
		};
/* End XCConfigurationList section */
	};
	rootObject = CACF2CCC1757A947001B6000 /* Project object */;
}
